{
  "name": "caller-workspace-alias",
  "lockfileVersion": 3,
  "requires": true,
  "packages": {
    "": {
      "name": "caller-workspace-alias",
      "dependencies": {
        "widget": "npm:demo-widget@1.0.0",
        "local-widget": "workspace:*"
      }
    },
    "node_modules/widget": {
      "version": "1.0.0",
      "name": "demo-widget"
    },
    "node_modules/local-widget": {
      "version": "9.9.9"
    }
  }
}
