{
  "name": "x402-merchant",
  "version": "1.23.41",
  "lockfileVersion": 3,
  "requires": true,
  "packages": {
    "": {
      "name": "x402-merchant",
      "version": "1.23.41",
      "dependencies": {
        "@circle-fin/x402-batching": "3.3.0",
        "@coinbase/x402": "2.1.0",
        "@modelcontextprotocol/sdk": "1.30.0",
        "@x402/core": "2.16.0",
        "@x402/evm": "2.16.0",
        "@x402/express": "2.16.0",
        "@x402/extensions": "2.16.0",
        "@x402/mcp": "2.16.0",
        "agent-payment-integrity": "https://github.com/epistemedeus/agent-payment-integrity/archive/0b58000ef619c46a1173096614f1dd973d90f26d.tar.gz",
        "agent-payment-policy": "0.12.0",
        "express": "^4.21.2",
        "mppx": "^0.8.15",
        "viem": "2.55.11",
        "zod": "3.25.76"
      },
      "devDependencies": {
        "@agentcash/discovery": "1.7.5"
      },
      "engines": {
        "node": ">=20"
      }
    }
  }
}
