{
  "name": "c02-alias-target-mismatch",
  "version": "0.0.0",
  "lockfileVersion": 3,
  "requires": true,
  "packages": {
    "": {
      "name": "c02-alias-target-mismatch",
      "version": "0.0.0",
      "dependencies": {
        "my-lodash": "npm:lodash@^4.17.0"
      }
    },
    "node_modules/my-lodash": {
      "name": "underscore",
      "version": "1.13.6",
      "resolved": "https://registry.npmjs.org/underscore/-/underscore-1.13.6.tgz",
      "integrity": "sha512-SYNTHETIC-ALIAS-MISMATCH-NOT-A-REGISTRY-HASH"
    }
  }
}
