{
  "name": "c02-npm-v1",
  "version": "0.0.0",
  "lockfileVersion": 1,
  "requires": true,
  "dependencies": {
    "left-pad": {
      "version": "1.3.0",
      "resolved": "https://registry.npmjs.org/left-pad/-/left-pad-1.3.0.tgz",
      "integrity": "sha512-SYNTHETIC-NPM-V1-NOT-A-REGISTRY-HASH"
    }
  }
}
