lockfileVersion: '9.0'

importers:
  .:
    dependencies:
      left-pad:
        specifier: ^1.3.0
        version: 2.0.0

packages:
  left-pad@2.0.0:
    resolution: {integrity: sha512-SYNTHETIC-PNPM-DISAGREE, tarball: https://registry.npmjs.org/left-pad/-/left-pad-2.0.0.tgz}

snapshots:
  left-pad@2.0.0: {}
