{
  "name": "@pilot/cw02-repeat-lockfile",
  "version": "0.1.0",
  "lockfileVersion": 3,
  "requires": true,
  "packages": {
    "": {
      "name": "@pilot/cw02-repeat-lockfile",
      "version": "0.1.0",
      "license": "MIT",
      "bin": {
        "cw02-repeat-lockfile": "bin/repeat-lockfile.mjs"
      },
      "engines": {
        "node": ">=22"
      }
    }
  }
}
