# This file is generated by running "yarn install" inside your project.
# Manual changes might be lost - proceed with caution!

__metadata:
  version: 8
  cacheKey: 10c0

"local-widget@workspace:^, local-widget@workspace:packages/local-widget":
  version: 0.0.0
  resolution: "local-widget@workspace:packages/local-widget"
  languageName: unknown
  linkType: soft
