{
  "name": "c02-scoped-npm-v3",
  "version": "0.0.0",
  "lockfileVersion": 3,
  "requires": true,
  "packages": {
    "": {
      "name": "c02-scoped-npm-v3",
      "version": "0.0.0",
      "dependencies": {
        "@scope/pkg": "^1.2.0"
      }
    },
    "node_modules/@scope/pkg": {
      "version": "1.2.3",
      "resolved": "https://registry.npmjs.org/@scope/pkg/-/pkg-1.2.3.tgz",
      "integrity": "sha512-SYNTHETIC-SCOPED-NOT-A-REGISTRY-HASH"
    }
  }
}
