{
  "name": "hostile-conflicting-lockfile",
  "version": "0.0.0-synthetic",
  "lockfileVersion": 3,
  "requires": true,
  "packages": {
    "": {
      "name": "hostile-conflicting-lockfile",
      "version": "0.0.0-synthetic",
      "dependencies": {
        "hostile-dep": "2.0.0"
      }
    },
    "node_modules/hostile-dep": {
      "version": "2.0.0",
      "resolved": "https://registry.npmjs.org/hostile-dep/-/hostile-dep-2.0.0.tgz",
      "integrity": "sha512-synthetic-not-a-real-integrity-value00000000000000000000"
    }
  }
}
