# This file is generated by running "yarn install" inside your project.
# Manual changes might be lost - proceed with caution!
#
# Label: fixture. Synthetic Yarn Berry lockfile. Not produced by a live yarn install.
# Not live-capture. No paid demand.

__metadata:
  version: 6
  cacheKey: 8

"@c24/web@workspace:apps/web":
  version: 0.0.0-use.local
  resolution: "@c24/web@workspace:apps/web"
  dependencies:
    shared-kit: "workspace:*"
  languageName: unknown
  linkType: soft

"@c24/web-unused@workspace:apps/web-unused":
  version: 0.0.0-use.local
  resolution: "@c24/web-unused@workspace:apps/web-unused"
  dependencies:
    shared-kit: "workspace:*"
  languageName: unknown
  linkType: soft

"c24-monorepo-yarn-berry@workspace:.":
  version: 0.0.0-use.local
  resolution: "c24-monorepo-yarn-berry@workspace:."
  languageName: unknown
  linkType: soft

"shared-kit-core@workspace:*, shared-kit-core@workspace:packages/shared-kit-core":
  version: 0.1.0
  resolution: "shared-kit-core@workspace:packages/shared-kit-core"
  languageName: unknown
  linkType: soft

"shared-kit@workspace:*, shared-kit@workspace:packages/shared-kit":
  version: 0.4.0
  resolution: "shared-kit@workspace:packages/shared-kit"
  dependencies:
    shared-kit-core: "workspace:*"
  languageName: unknown
  linkType: soft
