{
  "name": "samedaydesk-basepay-composition-example",
  "version": "0.1.0",
  "lockfileVersion": 3,
  "requires": true,
  "packages": {
    "": {
      "name": "samedaydesk-basepay-composition-example",
      "version": "0.1.0",
      "license": "MIT",
      "dependencies": {
        "agent-payment-policy": "0.12.0"
      },
      "bin": {
        "samedaydesk-basepay-composition": "bin/cli.mjs"
      },
      "engines": {
        "node": ">=22"
      }
    },
    "node_modules/agent-payment-policy": {
      "version": "0.12.0",
      "resolved": "https://registry.npmjs.org/agent-payment-policy/-/agent-payment-policy-0.12.0.tgz",
      "integrity": "sha512-CHJKxphBvrzQRfvUXC5xJoEeDT2hmDbicZ2JaCzaErr/HBhKoynScwdoeBwPbXJiBH3ds1ItDG4SAaOnqunMCQ==",
      "license": "MIT",
      "bin": {
        "agent-payment-policy": "cli.mjs"
      },
      "engines": {
        "node": ">=22"
      }
    }
  }
}
