{
  "name": "caller-version-range-prerelease",
  "lockfileVersion": 3,
  "requires": true,
  "packages": {
    "": {
      "name": "caller-version-range-prerelease",
      "dependencies": {
        "demo-widget": "^1.0.0"
      }
    },
    "node_modules/demo-widget": {
      "version": "2.0.0-beta.1"
    }
  }
}
