{
  "name": "c02-file-protocol",
  "version": "0.0.0",
  "lockfileVersion": 3,
  "requires": true,
  "packages": {
    "": {
      "name": "c02-file-protocol",
      "version": "0.0.0",
      "dependencies": {
        "local-lib": "file:../local-lib"
      }
    },
    "node_modules/local-lib": {
      "version": "0.1.0",
      "resolved": "file:../local-lib"
    }
  }
}
